
Microsoft Visual Studio Solution File, Format Version 12.00
# Visual Studio Version 16
VisualStudioVersion = 16.0.30320.27
MinimumVisualStudioVersion = 10.0.40219.1
Project("{FAE04EC0-301F-11D3-BF4B-00C04F79EFBC}") = "Analyzer1", "Analyzer1\Analyzer1\Analyzer1.csproj", "{CB912E2D-EAA1-432A-B769-A11F33EC7EC5}"
EndProject
Project("{FAE04EC0-301F-11D3-BF4B-00C04F79EFBC}") = "Analyzer1.Test", "Analyzer1\Analyzer1.Test\Analyzer1.Test.csproj", "{3B01DE9A-1F16-4C88-82D8-4658110B970A}"
EndProject
Project("{FAE04EC0-301F-11D3-BF4B-00C04F79EFBC}") = "Analyzer1.Vsix", "Analyzer1\Analyzer1.Vsix\Analyzer1.Vsix.csproj", "{7B2D7E92-1304-4F2A-BDEF-CDECA5BAC82D}"
EndProject
Global
	GlobalSection(SolutionConfigurationPlatforms) = preSolution
		Debug|Any CPU = Debug|Any CPU
		Release|Any CPU = Release|Any CPU
	EndGlobalSection
	GlobalSection(ProjectConfigurationPlatforms) = postSolution
		{CB912E2D-EAA1-432A-B769-A11F33EC7EC5}.Debug|Any CPU.ActiveCfg = Debug|Any CPU
		{CB912E2D-EAA1-432A-B769-A11F33EC7EC5}.Debug|Any CPU.Build.0 = Debug|Any CPU
		{CB912E2D-EAA1-432A-B769-A11F33EC7EC5}.Release|Any CPU.ActiveCfg = Release|Any CPU
		{CB912E2D-EAA1-432A-B769-A11F33EC7EC5}.Release|Any CPU.Build.0 = Release|Any CPU
		{3B01DE9A-1F16-4C88-82D8-4658110B970A}.Debug|Any CPU.ActiveCfg = Debug|Any CPU
		{3B01DE9A-1F16-4C88-82D8-4658110B970A}.Debug|Any CPU.Build.0 = Debug|Any CPU
		{3B01DE9A-1F16-4C88-82D8-4658110B970A}.Release|Any CPU.ActiveCfg = Release|Any CPU
		{3B01DE9A-1F16-4C88-82D8-4658110B970A}.Release|Any CPU.Build.0 = Release|Any CPU
		{7B2D7E92-1304-4F2A-BDEF-CDECA5BAC82D}.Debug|Any CPU.ActiveCfg = Debug|Any CPU
		{7B2D7E92-1304-4F2A-BDEF-CDECA5BAC82D}.Debug|Any CPU.Build.0 = Debug|Any CPU
		{7B2D7E92-1304-4F2A-BDEF-CDECA5BAC82D}.Release|Any CPU.ActiveCfg = Release|Any CPU
		{7B2D7E92-1304-4F2A-BDEF-CDECA5BAC82D}.Release|Any CPU.Build.0 = Release|Any CPU
	EndGlobalSection
	GlobalSection(SolutionProperties) = preSolution
		HideSolutionNode = FALSE
	EndGlobalSection
	GlobalSection(ExtensibilityGlobals) = postSolution
		SolutionGuid = {3BC83B7F-2EDF-4719-AD64-22EAAE661B70}
	EndGlobalSection
EndGlobal
